
Microsoft Visual Studio Solution File, Format Version 12.00
# Visual Studio Version 16
VisualStudioVersion = 16.0.30503.244
MinimumVisualStudioVersion = 10.0.40219.1
Project("{2150E333-8FDC-42A3-9474-1A3956D46DE8}") = "unidad-1", "unidad-1", "{92CD001F-9CED-4F78-A491-274ACB5DFB99}"
EndProject
Project("{2150E333-8FDC-42A3-9474-1A3956D46DE8}") = "proyecto", "proyecto", "{C821B5C9-92BC-4773-B85D-15C9F5B066E5}"
EndProject
Project("{9A19103F-16F7-4668-BE54-9A1E7A4F7556}") = "proyecto1-api", "unidad-1\proyecto\proyecto1-api\proyecto1-api.csproj", "{211CDA80-DC6B-4473-9C6D-A98CF764B1A7}"
EndProject
Project("{9A19103F-16F7-4668-BE54-9A1E7A4F7556}") = "proyecto1-web", "unidad-1\proyecto\proyecto1-web\proyecto1-web.csproj", "{F9034E88-10E1-4B7F-81D4-D64209C7B563}"
EndProject
Project("{FAE04EC0-301F-11D3-BF4B-00C04F79EFBC}") = "juego.Android", "unidad-1\proyecto\juego\juego.Android\juego.Android.csproj", "{2CBE6130-FD42-4ADD-9029-A4D083E7A701}"
EndProject
Project("{9A19103F-16F7-4668-BE54-9A1E7A4F7556}") = "juego", "unidad-1\proyecto\juego\juego\juego.csproj", "{63BE6FB1-447C-4DFA-9E4D-01F76C8E9BCF}"
EndProject
Project("{2150E333-8FDC-42A3-9474-1A3956D46DE8}") = "unidad2", "unidad2", "{C894CEFE-0085-44E7-A981-67C3B3A67977}"
EndProject
Project("{9A19103F-16F7-4668-BE54-9A1E7A4F7556}") = "NoticiasWEB", "unidad2\NoticiasWEB\NoticiasWEB.csproj", "{BEB05B22-953A-4ACF-89D4-8B7B3969FA04}"
EndProject
Project("{FAE04EC0-301F-11D3-BF4B-00C04F79EFBC}") = "NoticiasMOVIL.Android", "unidad2\NoticiasMOVIL\NoticiasMOVIL.Android\NoticiasMOVIL.Android.csproj", "{AD45EBE5-8277-443D-8580-7FEB653EF3C1}"
EndProject
Project("{9A19103F-16F7-4668-BE54-9A1E7A4F7556}") = "NoticiasMOVIL", "unidad2\NoticiasMOVIL\NoticiasMOVIL\NoticiasMOVIL.csproj", "{26CDA5BF-A0E2-4983-BD69-5153D94DA70B}"
EndProject
Project("{FAE04EC0-301F-11D3-BF4B-00C04F79EFBC}") = "NoticiasAPI", "unidad2\NoticiasAPI\NoticiasAPI.csproj", "{313A8468-95B6-4C2E-9433-84C403BA7F7A}"
EndProject
Global
	GlobalSection(SolutionConfigurationPlatforms) = preSolution
		Debug|Any CPU = Debug|Any CPU
		Debug|iPhone = Debug|iPhone
		Debug|iPhoneSimulator = Debug|iPhoneSimulator
		Release|Any CPU = Release|Any CPU
		Release|iPhone = Release|iPhone
		Release|iPhoneSimulator = Release|iPhoneSimulator
	EndGlobalSection
	GlobalSection(ProjectConfigurationPlatforms) = postSolution
		{211CDA80-DC6B-4473-9C6D-A98CF764B1A7}.Debug|Any CPU.ActiveCfg = Debug|Any CPU
		{211CDA80-DC6B-4473-9C6D-A98CF764B1A7}.Debug|Any CPU.Build.0 = Debug|Any CPU
		{211CDA80-DC6B-4473-9C6D-A98CF764B1A7}.Debug|iPhone.ActiveCfg = Debug|Any CPU
		{211CDA80-DC6B-4473-9C6D-A98CF764B1A7}.Debug|iPhone.Build.0 = Debug|Any CPU
		{211CDA80-DC6B-4473-9C6D-A98CF764B1A7}.Debug|iPhoneSimulator.ActiveCfg = Debug|Any CPU
		{211CDA80-DC6B-4473-9C6D-A98CF764B1A7}.Debug|iPhoneSimulator.Build.0 = Debug|Any CPU
		{211CDA80-DC6B-4473-9C6D-A98CF764B1A7}.Release|Any CPU.ActiveCfg = Release|Any CPU
		{211CDA80-DC6B-4473-9C6D-A98CF764B1A7}.Release|Any CPU.Build.0 = Release|Any CPU
		{211CDA80-DC6B-4473-9C6D-A98CF764B1A7}.Release|iPhone.ActiveCfg = Release|Any CPU
		{211CDA80-DC6B-4473-9C6D-A98CF764B1A7}.Release|iPhone.Build.0 = Release|Any CPU
		{211CDA80-DC6B-4473-9C6D-A98CF764B1A7}.Release|iPhoneSimulator.ActiveCfg = Release|Any CPU
		{211CDA80-DC6B-4473-9C6D-A98CF764B1A7}.Release|iPhoneSimulator.Build.0 = Release|Any CPU
		{F9034E88-10E1-4B7F-81D4-D64209C7B563}.Debug|Any CPU.ActiveCfg = Debug|Any CPU
		{F9034E88-10E1-4B7F-81D4-D64209C7B563}.Debug|Any CPU.Build.0 = Debug|Any CPU
		{F9034E88-10E1-4B7F-81D4-D64209C7B563}.Debug|iPhone.ActiveCfg = Debug|Any CPU
		{F9034E88-10E1-4B7F-81D4-D64209C7B563}.Debug|iPhone.Build.0 = Debug|Any CPU
		{F9034E88-10E1-4B7F-81D4-D64209C7B563}.Debug|iPhoneSimulator.ActiveCfg = Debug|Any CPU
		{F9034E88-10E1-4B7F-81D4-D64209C7B563}.Debug|iPhoneSimulator.Build.0 = Debug|Any CPU
		{F9034E88-10E1-4B7F-81D4-D64209C7B563}.Release|Any CPU.ActiveCfg = Release|Any CPU
		{F9034E88-10E1-4B7F-81D4-D64209C7B563}.Release|Any CPU.Build.0 = Release|Any CPU
		{F9034E88-10E1-4B7F-81D4-D64209C7B563}.Release|iPhone.ActiveCfg = Release|Any CPU
		{F9034E88-10E1-4B7F-81D4-D64209C7B563}.Release|iPhone.Build.0 = Release|Any CPU
		{F9034E88-10E1-4B7F-81D4-D64209C7B563}.Release|iPhoneSimulator.ActiveCfg = Release|Any CPU
		{F9034E88-10E1-4B7F-81D4-D64209C7B563}.Release|iPhoneSimulator.Build.0 = Release|Any CPU
		{2CBE6130-FD42-4ADD-9029-A4D083E7A701}.Debug|Any CPU.ActiveCfg = Debug|Any CPU
		{2CBE6130-FD42-4ADD-9029-A4D083E7A701}.Debug|Any CPU.Build.0 = Debug|Any CPU
		{2CBE6130-FD42-4ADD-9029-A4D083E7A701}.Debug|Any CPU.Deploy.0 = Debug|Any CPU
		{2CBE6130-FD42-4ADD-9029-A4D083E7A701}.Debug|iPhone.ActiveCfg = Debug|Any CPU
		{2CBE6130-FD42-4ADD-9029-A4D083E7A701}.Debug|iPhone.Build.0 = Debug|Any CPU
		{2CBE6130-FD42-4ADD-9029-A4D083E7A701}.Debug|iPhone.Deploy.0 = Debug|Any CPU
		{2CBE6130-FD42-4ADD-9029-A4D083E7A701}.Debug|iPhoneSimulator.ActiveCfg = Debug|Any CPU
		{2CBE6130-FD42-4ADD-9029-A4D083E7A701}.Debug|iPhoneSimulator.Build.0 = Debug|Any CPU
		{2CBE6130-FD42-4ADD-9029-A4D083E7A701}.Debug|iPhoneSimulator.Deploy.0 = Debug|Any CPU
		{2CBE6130-FD42-4ADD-9029-A4D083E7A701}.Release|Any CPU.ActiveCfg = Release|Any CPU
		{2CBE6130-FD42-4ADD-9029-A4D083E7A701}.Release|Any CPU.Build.0 = Release|Any CPU
		{2CBE6130-FD42-4ADD-9029-A4D083E7A701}.Release|Any CPU.Deploy.0 = Release|Any CPU
		{2CBE6130-FD42-4ADD-9029-A4D083E7A701}.Release|iPhone.ActiveCfg = Release|Any CPU
		{2CBE6130-FD42-4ADD-9029-A4D083E7A701}.Release|iPhone.Build.0 = Release|Any CPU
		{2CBE6130-FD42-4ADD-9029-A4D083E7A701}.Release|iPhone.Deploy.0 = Release|Any CPU
		{2CBE6130-FD42-4ADD-9029-A4D083E7A701}.Release|iPhoneSimulator.ActiveCfg = Release|Any CPU
		{2CBE6130-FD42-4ADD-9029-A4D083E7A701}.Release|iPhoneSimulator.Build.0 = Release|Any CPU
		{2CBE6130-FD42-4ADD-9029-A4D083E7A701}.Release|iPhoneSimulator.Deploy.0 = Release|Any CPU
		{63BE6FB1-447C-4DFA-9E4D-01F76C8E9BCF}.Debug|Any CPU.ActiveCfg = Debug|Any CPU
		{63BE6FB1-447C-4DFA-9E4D-01F76C8E9BCF}.Debug|Any CPU.Build.0 = Debug|Any CPU
		{63BE6FB1-447C-4DFA-9E4D-01F76C8E9BCF}.Debug|iPhone.ActiveCfg = Debug|Any CPU
		{63BE6FB1-447C-4DFA-9E4D-01F76C8E9BCF}.Debug|iPhone.Build.0 = Debug|Any CPU
		{63BE6FB1-447C-4DFA-9E4D-01F76C8E9BCF}.Debug|iPhoneSimulator.ActiveCfg = Debug|Any CPU
		{63BE6FB1-447C-4DFA-9E4D-01F76C8E9BCF}.Debug|iPhoneSimulator.Build.0 = Debug|Any CPU
		{63BE6FB1-447C-4DFA-9E4D-01F76C8E9BCF}.Release|Any CPU.ActiveCfg = Release|Any CPU
		{63BE6FB1-447C-4DFA-9E4D-01F76C8E9BCF}.Release|Any CPU.Build.0 = Release|Any CPU
		{63BE6FB1-447C-4DFA-9E4D-01F76C8E9BCF}.Release|iPhone.ActiveCfg = Release|Any CPU
		{63BE6FB1-447C-4DFA-9E4D-01F76C8E9BCF}.Release|iPhone.Build.0 = Release|Any CPU
		{63BE6FB1-447C-4DFA-9E4D-01F76C8E9BCF}.Release|iPhoneSimulator.ActiveCfg = Release|Any CPU
		{63BE6FB1-447C-4DFA-9E4D-01F76C8E9BCF}.Release|iPhoneSimulator.Build.0 = Release|Any CPU
		{BEB05B22-953A-4ACF-89D4-8B7B3969FA04}.Debug|Any CPU.ActiveCfg = Debug|Any CPU
		{BEB05B22-953A-4ACF-89D4-8B7B3969FA04}.Debug|Any CPU.Build.0 = Debug|Any CPU
		{BEB05B22-953A-4ACF-89D4-8B7B3969FA04}.Debug|iPhone.ActiveCfg = Debug|Any CPU
		{BEB05B22-953A-4ACF-89D4-8B7B3969FA04}.Debug|iPhone.Build.0 = Debug|Any CPU
		{BEB05B22-953A-4ACF-89D4-8B7B3969FA04}.Debug|iPhoneSimulator.ActiveCfg = Debug|Any CPU
		{BEB05B22-953A-4ACF-89D4-8B7B3969FA04}.Debug|iPhoneSimulator.Build.0 = Debug|Any CPU
		{BEB05B22-953A-4ACF-89D4-8B7B3969FA04}.Release|Any CPU.ActiveCfg = Release|Any CPU
		{BEB05B22-953A-4ACF-89D4-8B7B3969FA04}.Release|Any CPU.Build.0 = Release|Any CPU
		{BEB05B22-953A-4ACF-89D4-8B7B3969FA04}.Release|iPhone.ActiveCfg = Release|Any CPU
		{BEB05B22-953A-4ACF-89D4-8B7B3969FA04}.Release|iPhone.Build.0 = Release|Any CPU
		{BEB05B22-953A-4ACF-89D4-8B7B3969FA04}.Release|iPhoneSimulator.ActiveCfg = Release|Any CPU
		{BEB05B22-953A-4ACF-89D4-8B7B3969FA04}.Release|iPhoneSimulator.Build.0 = Release|Any CPU
		{AD45EBE5-8277-443D-8580-7FEB653EF3C1}.Debug|Any CPU.ActiveCfg = Debug|Any CPU
		{AD45EBE5-8277-443D-8580-7FEB653EF3C1}.Debug|Any CPU.Build.0 = Debug|Any CPU
		{AD45EBE5-8277-443D-8580-7FEB653EF3C1}.Debug|Any CPU.Deploy.0 = Debug|Any CPU
		{AD45EBE5-8277-443D-8580-7FEB653EF3C1}.Debug|iPhone.ActiveCfg = Debug|Any CPU
		{AD45EBE5-8277-443D-8580-7FEB653EF3C1}.Debug|iPhone.Build.0 = Debug|Any CPU
		{AD45EBE5-8277-443D-8580-7FEB653EF3C1}.Debug|iPhone.Deploy.0 = Debug|Any CPU
		{AD45EBE5-8277-443D-8580-7FEB653EF3C1}.Debug|iPhoneSimulator.ActiveCfg = Debug|Any CPU
		{AD45EBE5-8277-443D-8580-7FEB653EF3C1}.Debug|iPhoneSimulator.Build.0 = Debug|Any CPU
		{AD45EBE5-8277-443D-8580-7FEB653EF3C1}.Debug|iPhoneSimulator.Deploy.0 = Debug|Any CPU
		{AD45EBE5-8277-443D-8580-7FEB653EF3C1}.Release|Any CPU.ActiveCfg = Release|Any CPU
		{AD45EBE5-8277-443D-8580-7FEB653EF3C1}.Release|Any CPU.Build.0 = Release|Any CPU
		{AD45EBE5-8277-443D-8580-7FEB653EF3C1}.Release|Any CPU.Deploy.0 = Release|Any CPU
		{AD45EBE5-8277-443D-8580-7FEB653EF3C1}.Release|iPhone.ActiveCfg = Release|Any CPU
		{AD45EBE5-8277-443D-8580-7FEB653EF3C1}.Release|iPhone.Build.0 = Release|Any CPU
		{AD45EBE5-8277-443D-8580-7FEB653EF3C1}.Release|iPhone.Deploy.0 = Release|Any CPU
		{AD45EBE5-8277-443D-8580-7FEB653EF3C1}.Release|iPhoneSimulator.ActiveCfg = Release|Any CPU
		{AD45EBE5-8277-443D-8580-7FEB653EF3C1}.Release|iPhoneSimulator.Build.0 = Release|Any CPU
		{AD45EBE5-8277-443D-8580-7FEB653EF3C1}.Release|iPhoneSimulator.Deploy.0 = Release|Any CPU
		{26CDA5BF-A0E2-4983-BD69-5153D94DA70B}.Debug|Any CPU.ActiveCfg = Debug|Any CPU
		{26CDA5BF-A0E2-4983-BD69-5153D94DA70B}.Debug|Any CPU.Build.0 = Debug|Any CPU
		{26CDA5BF-A0E2-4983-BD69-5153D94DA70B}.Debug|iPhone.ActiveCfg = Debug|Any CPU
		{26CDA5BF-A0E2-4983-BD69-5153D94DA70B}.Debug|iPhone.Build.0 = Debug|Any CPU
		{26CDA5BF-A0E2-4983-BD69-5153D94DA70B}.Debug|iPhoneSimulator.ActiveCfg = Debug|Any CPU
		{26CDA5BF-A0E2-4983-BD69-5153D94DA70B}.Debug|iPhoneSimulator.Build.0 = Debug|Any CPU
		{26CDA5BF-A0E2-4983-BD69-5153D94DA70B}.Release|Any CPU.ActiveCfg = Release|Any CPU
		{26CDA5BF-A0E2-4983-BD69-5153D94DA70B}.Release|Any CPU.Build.0 = Release|Any CPU
		{26CDA5BF-A0E2-4983-BD69-5153D94DA70B}.Release|iPhone.ActiveCfg = Release|Any CPU
		{26CDA5BF-A0E2-4983-BD69-5153D94DA70B}.Release|iPhone.Build.0 = Release|Any CPU
		{26CDA5BF-A0E2-4983-BD69-5153D94DA70B}.Release|iPhoneSimulator.ActiveCfg = Release|Any CPU
		{26CDA5BF-A0E2-4983-BD69-5153D94DA70B}.Release|iPhoneSimulator.Build.0 = Release|Any CPU
		{313A8468-95B6-4C2E-9433-84C403BA7F7A}.Debug|Any CPU.ActiveCfg = Debug|Any CPU
		{313A8468-95B6-4C2E-9433-84C403BA7F7A}.Debug|Any CPU.Build.0 = Debug|Any CPU
		{313A8468-95B6-4C2E-9433-84C403BA7F7A}.Debug|iPhone.ActiveCfg = Debug|Any CPU
		{313A8468-95B6-4C2E-9433-84C403BA7F7A}.Debug|iPhone.Build.0 = Debug|Any CPU
		{313A8468-95B6-4C2E-9433-84C403BA7F7A}.Debug|iPhoneSimulator.ActiveCfg = Debug|Any CPU
		{313A8468-95B6-4C2E-9433-84C403BA7F7A}.Debug|iPhoneSimulator.Build.0 = Debug|Any CPU
		{313A8468-95B6-4C2E-9433-84C403BA7F7A}.Release|Any CPU.ActiveCfg = Release|Any CPU
		{313A8468-95B6-4C2E-9433-84C403BA7F7A}.Release|Any CPU.Build.0 = Release|Any CPU
		{313A8468-95B6-4C2E-9433-84C403BA7F7A}.Release|iPhone.ActiveCfg = Release|Any CPU
		{313A8468-95B6-4C2E-9433-84C403BA7F7A}.Release|iPhone.Build.0 = Release|Any CPU
		{313A8468-95B6-4C2E-9433-84C403BA7F7A}.Release|iPhoneSimulator.ActiveCfg = Release|Any CPU
		{313A8468-95B6-4C2E-9433-84C403BA7F7A}.Release|iPhoneSimulator.Build.0 = Release|Any CPU
	EndGlobalSection
	GlobalSection(SolutionProperties) = preSolution
		HideSolutionNode = FALSE
	EndGlobalSection
	GlobalSection(NestedProjects) = preSolution
		{C821B5C9-92BC-4773-B85D-15C9F5B066E5} = {92CD001F-9CED-4F78-A491-274ACB5DFB99}
		{211CDA80-DC6B-4473-9C6D-A98CF764B1A7} = {C821B5C9-92BC-4773-B85D-15C9F5B066E5}
		{F9034E88-10E1-4B7F-81D4-D64209C7B563} = {C821B5C9-92BC-4773-B85D-15C9F5B066E5}
		{2CBE6130-FD42-4ADD-9029-A4D083E7A701} = {C821B5C9-92BC-4773-B85D-15C9F5B066E5}
		{63BE6FB1-447C-4DFA-9E4D-01F76C8E9BCF} = {C821B5C9-92BC-4773-B85D-15C9F5B066E5}
		{BEB05B22-953A-4ACF-89D4-8B7B3969FA04} = {C894CEFE-0085-44E7-A981-67C3B3A67977}
		{AD45EBE5-8277-443D-8580-7FEB653EF3C1} = {C894CEFE-0085-44E7-A981-67C3B3A67977}
		{26CDA5BF-A0E2-4983-BD69-5153D94DA70B} = {C894CEFE-0085-44E7-A981-67C3B3A67977}
		{313A8468-95B6-4C2E-9433-84C403BA7F7A} = {C894CEFE-0085-44E7-A981-67C3B3A67977}
	EndGlobalSection
	GlobalSection(ExtensibilityGlobals) = postSolution
		SolutionGuid = {F059F8C7-8709-4266-949F-EEAF5584D75A}
	EndGlobalSection
EndGlobal
